github.com/Akuutauf-Portofolio/go-say-hello v1.0.1 h1:bKkazfKEplUUVsFSKGGkwg2gHHTSLlqvR9BdMgdggIo=
github.com/Akuutauf-Portofolio/go-say-hello v1.0.1/go.mod h1:Wk6phQyvd8d2eVfYyZX2/772cVjeM9i4aA0D0kvh/Es=
github.com/Akuutauf-Portofolio/go-say-hello v1.1.0 h1:/GQ0LR3TJjvtPTsO5jtEUjq41DU5lXtRQf9bgnXXa6E=
github.com/Akuutauf-Portofolio/go-say-hello v1.1.0/go.mod h1:Wk6phQyvd8d2eVfYyZX2/772cVjeM9i4aA0D0kvh/Es=
github.com/Akuutauf-Portofolio/go-say-hello/v2 v2.0.0 h1:bsDGUcUk3rgvjilR9tftwVvPpqUf8FmO02InSuiIzOg=
github.com/Akuutauf-Portofolio/go-say-hello/v2 v2.0.0/go.mod h1:xGJNdaAfnWZEavjcTzMtm3WjZlaWvUGJkHJn6BITq+w=
